{
    "_readme": [
        "This file locks the dependencies of your project to a known state",
        "Read more about it at https://getcomposer.org/doc/01-basic-usage.md#composer-lock-the-lock-file",
        "This file is @generated automatically"
    ],
    "content-hash": "f90733e52a997dea580dea45be189379",
    "packages": [
        {
            "name": "advanced-custom-fields-pro",
            "version": "5.6.3",
            "dist": {
                "type": "zip",
                "url": "https://plugins.lin3s.com/advanced-custom-fields-pro-5.6.3.zip",
                "reference": null,
                "shasum": null
            },
            "type": "wordpress-plugin"
        },
        {
            "name": "composer/installers",
            "version": "v1.4.0",
            "source": {
                "type": "git",
                "url": "https://github.com/composer/installers.git",
                "reference": "9ce17fb70e9a38dd8acff0636a29f5cf4d575c1b"
            },
            "dist": {
                "type": "zip",
                "url": "https://api.github.com/repos/composer/installers/zipball/9ce17fb70e9a38dd8acff0636a29f5cf4d575c1b",
                "reference": "9ce17fb70e9a38dd8acff0636a29f5cf4d575c1b",
                "shasum": ""
            },
            "require": {
                "composer-plugin-api": "^1.0"
            },
            "replace": {
                "roundcube/plugin-installer": "*",
                "shama/baton": "*"
            },
            "require-dev": {
                "composer/composer": "1.0.*@dev",
                "phpunit/phpunit": "4.1.*"
            },
            "type": "composer-plugin",
            "extra": {
                "class": "Composer\\Installers\\Plugin",
                "branch-alias": {
                    "dev-master": "1.0-dev"
                }
            },
            "autoload": {
                "psr-4": {
                    "Composer\\Installers\\": "src/Composer/Installers"
                }
            },
            "notification-url": "https://packagist.org/downloads/",
            "license": [
                "MIT"
            ],
            "authors": [
                {
                    "name": "Kyle Robinson Young",
                    "email": "kyle@dontkry.com",
                    "homepage": "https://github.com/shama"
                }
            ],
            "description": "A multi-framework Composer library installer",
            "homepage": "https://composer.github.io/installers/",
            "keywords": [
                "Craft",
                "Dolibarr",
                "Eliasis",
                "Hurad",
                "ImageCMS",
                "Kanboard",
                "Lan Management System",
                "MODX Evo",
                "Mautic",
                "Maya",
                "OXID",
                "Plentymarkets",
                "Porto",
                "RadPHP",
                "SMF",
                "Thelia",
                "WolfCMS",
                "agl",
                "aimeos",
                "annotatecms",
                "attogram",
                "bitrix",
                "cakephp",
                "chef",
                "cockpit",
                "codeigniter",
                "concrete5",
                "croogo",
                "dokuwiki",
                "drupal",
                "eZ Platform",
                "elgg",
                "expressionengine",
                "fuelphp",
                "grav",
                "installer",
                "itop",
                "joomla",
                "kohana",
                "laravel",
                "lavalite",
                "lithium",
                "magento",
                "mako",
                "mediawiki",
                "modulework",
                "moodle",
                "osclass",
                "phpbb",
                "piwik",
                "ppi",
                "puppet",
                "reindex",
                "roundcube",
                "shopware",
                "silverstripe",
                "sydes",
                "symfony",
                "typo3",
                "wordpress",
                "yawik",
                "zend",
                "zikula"
            ],
            "time": "2017-08-09T07:53:48+00:00"
        },
        {
            "name": "cweagans/composer-patches",
            "version": "1.6.2",
            "source": {
                "type": "git",
                "url": "https://github.com/cweagans/composer-patches.git",
                "reference": "014e968ca2ce4342476b3f2f6779b274fff8ae9e"
            },
            "dist": {
                "type": "zip",
                "url": "https://api.github.com/repos/cweagans/composer-patches/zipball/014e968ca2ce4342476b3f2f6779b274fff8ae9e",
                "reference": "014e968ca2ce4342476b3f2f6779b274fff8ae9e",
                "shasum": ""
            },
            "require": {
                "composer-plugin-api": "^1.0",
                "php": ">=5.3.0"
            },
            "require-dev": {
                "composer/composer": "~1.0",
                "phpunit/phpunit": "~4.6"
            },
            "type": "composer-plugin",
            "extra": {
                "class": "cweagans\\Composer\\Patches"
            },
            "autoload": {
                "psr-4": {
                    "cweagans\\Composer\\": "src"
                }
            },
            "notification-url": "https://packagist.org/downloads/",
            "license": [
                "BSD-2-Clause"
            ],
            "authors": [
                {
                    "name": "Cameron Eagans",
                    "email": "me@cweagans.net"
                }
            ],
            "description": "Provides a way to patch Composer packages.",
            "time": "2017-08-30T16:41:23+00:00"
        },
        {
            "name": "johnpbloch/wordpress",
            "version": "4.8.2",
            "source": {
                "type": "git",
                "url": "https://github.com/johnpbloch/wordpress.git",
                "reference": "d500aae1793990e4874cf794b6cf88ce60a38918"
            },
            "dist": {
                "type": "zip",
                "url": "https://api.github.com/repos/johnpbloch/wordpress/zipball/d500aae1793990e4874cf794b6cf88ce60a38918",
                "reference": "d500aae1793990e4874cf794b6cf88ce60a38918",
                "shasum": ""
            },
            "require": {
                "johnpbloch/wordpress-core": "4.8.2",
                "johnpbloch/wordpress-core-installer": "^1.0",
                "php": ">=5.3.2"
            },
            "type": "package",
            "notification-url": "https://packagist.org/downloads/",
            "license": [
                "GPL-2.0+"
            ],
            "authors": [
                {
                    "name": "WordPress Community",
                    "homepage": "http://wordpress.org/about/"
                }
            ],
            "description": "WordPress is web software you can use to create a beautiful website or blog.",
            "homepage": "http://wordpress.org/",
            "keywords": [
                "blog",
                "cms",
                "wordpress"
            ],
            "time": "2017-09-19T22:27:16+00:00"
        },
        {
            "name": "johnpbloch/wordpress-core",
            "version": "4.8.2",
            "source": {
                "type": "git",
                "url": "https://github.com/johnpbloch/wordpress-core.git",
                "reference": "706faa0d7b6b57a25d4acd18331dd71dfa6b01cf"
            },
            "dist": {
                "type": "zip",
                "url": "https://api.github.com/repos/johnpbloch/wordpress-core/zipball/706faa0d7b6b57a25d4acd18331dd71dfa6b01cf",
                "reference": "706faa0d7b6b57a25d4acd18331dd71dfa6b01cf",
                "shasum": ""
            },
            "require": {
                "php": ">=5.3.2"
            },
            "provide": {
                "wordpress/core-implementation": "4.8.2"
            },
            "type": "wordpress-core",
            "notification-url": "https://packagist.org/downloads/",
            "license": [
                "GPL-2.0+"
            ],
            "authors": [
                {
                    "name": "WordPress Community",
                    "homepage": "http://wordpress.org/about/"
                }
            ],
            "description": "WordPress is web software you can use to create a beautiful website or blog.",
            "homepage": "http://wordpress.org/",
            "keywords": [
                "blog",
                "cms",
                "wordpress"
            ],
            "time": "2017-09-19T22:27:11+00:00"
        },
        {
            "name": "johnpbloch/wordpress-core-installer",
            "version": "1.0.0",
            "source": {
                "type": "git",
                "url": "https://github.com/johnpbloch/wordpress-core-installer.git",
                "reference": "e9e767f2d9f994f358c34b41def2c410ad8717f2"
            },
            "dist": {
                "type": "zip",
                "url": "https://api.github.com/repos/johnpbloch/wordpress-core-installer/zipball/e9e767f2d9f994f358c34b41def2c410ad8717f2",
                "reference": "e9e767f2d9f994f358c34b41def2c410ad8717f2",
                "shasum": ""
            },
            "require": {
                "composer-plugin-api": "^1.0"
            },
            "conflict": {
                "composer/installers": "<1.0.6"
            },
            "require-dev": {
                "composer/composer": "^1.0",
                "phpunit/phpunit": ">=4.8.35"
            },
            "type": "composer-plugin",
            "extra": {
                "class": "johnpbloch\\Composer\\WordPressCorePlugin"
            },
            "autoload": {
                "psr-0": {
                    "johnpbloch\\Composer\\": "src/"
                }
            },
            "notification-url": "https://packagist.org/downloads/",
            "license": [
                "GPL-2.0+"
            ],
            "authors": [
                {
                    "name": "John P. Bloch",
                    "email": "me@johnpbloch.com"
                }
            ],
            "description": "A custom installer to handle deploying WordPress with composer",
            "keywords": [
                "wordpress"
            ],
            "time": "2017-05-31T18:42:33+00:00"
        },
        {
            "name": "wpackagist-plugin/acf-to-rest-api",
            "version": "2.2.1",
            "source": {
                "type": "svn",
                "url": "https://plugins.svn.wordpress.org/acf-to-rest-api/",
                "reference": "tags/2.2.1"
            },
            "dist": {
                "type": "zip",
                "url": "https://downloads.wordpress.org/plugin/acf-to-rest-api.2.2.1.zip",
                "reference": null,
                "shasum": null
            },
            "require": {
                "composer/installers": "~1.0"
            },
            "type": "wordpress-plugin",
            "homepage": "https://wordpress.org/plugins/acf-to-rest-api/"
        },
        {
            "name": "wpackagist-plugin/wordpress-seo",
            "version": "5.5.1",
            "source": {
                "type": "svn",
                "url": "https://plugins.svn.wordpress.org/wordpress-seo/",
                "reference": "tags/5.5.1"
            },
            "dist": {
                "type": "zip",
                "url": "https://downloads.wordpress.org/plugin/wordpress-seo.5.5.1.zip",
                "reference": null,
                "shasum": null
            },
            "require": {
                "composer/installers": "~1.0"
            },
            "type": "wordpress-plugin",
            "homepage": "https://wordpress.org/plugins/wordpress-seo/"
        },
        {
            "name": "wpackagist-theme/twentysixteen",
            "version": "1.3",
            "source": {
                "type": "svn",
                "url": "https://themes.svn.wordpress.org/twentysixteen/",
                "reference": "1.3"
            },
            "dist": {
                "type": "zip",
                "url": "https://downloads.wordpress.org/theme/twentysixteen.1.3.zip",
                "reference": null,
                "shasum": null
            },
            "require": {
                "composer/installers": "~1.0"
            },
            "type": "wordpress-theme",
            "homepage": "https://wordpress.org/themes/twentysixteen/"
        }
    ],
    "packages-dev": [],
    "aliases": [],
    "minimum-stability": "stable",
    "stability-flags": [],
    "prefer-stable": false,
    "prefer-lowest": false,
    "platform": [],
    "platform-dev": []
}
